# THIS IS AN AUTOGENERATED FILE. DO NOT EDIT THIS FILE DIRECTLY.
# yarn lockfile v1


axois@^0.0.1-security:
  version "0.0.1-security"
  resolved "https://registry.yarnpkg.com/axois/-/axois-0.0.1-security.tgz#372b4659c6a059ec4a6c6786f81fbf6cb5f892d2"
  integrity sha512-8Nui4fwwyxHfjAfpDlg3Jt66EJA4i1D1eJch3D+wM/Oe+qhpyp7yfiszko/O5/adYu20wc37RG9/Eg8QIJHcvA==
